
Microsoft Visual Studio Solution File, Format Version 12.00
# Visual Studio 15
VisualStudioVersion = 15.0.28307.102
MinimumVisualStudioVersion = 10.0.40219.1
Project("{FAE04EC0-301F-11D3-BF4B-00C04F79EFBC}") = "Work", "Work\Work.csproj", "{F85B0F16-FDE7-4D50-975D-2D956A3EC283}"
EndProject
Global
	GlobalSection(SolutionConfigurationPlatforms) = preSolution
		Debug|Any CPU = Debug|Any CPU
		Release|Any CPU = Release|Any CPU
	EndGlobalSection
	GlobalSection(ProjectConfigurationPlatforms) = postSolution
		{F85B0F16-FDE7-4D50-975D-2D956A3EC283}.Debug|Any CPU.ActiveCfg = Debug|Any CPU
		{F85B0F16-FDE7-4D50-975D-2D956A3EC283}.Debug|Any CPU.Build.0 = Debug|Any CPU
		{F85B0F16-FDE7-4D50-975D-2D956A3EC283}.Release|Any CPU.ActiveCfg = Release|Any CPU
		{F85B0F16-FDE7-4D50-975D-2D956A3EC283}.Release|Any CPU.Build.0 = Release|Any CPU
	EndGlobalSection
	GlobalSection(SolutionProperties) = preSolution
		HideSolutionNode = FALSE
	EndGlobalSection
	GlobalSection(ExtensibilityGlobals) = postSolution
		SolutionGuid = {6F36B9FE-3C40-4979-BCC2-9E9A6CE7D239}
	EndGlobalSection
EndGlobal
